// !$*UTF8*$!
{
	archiveVersion = 1;
	classes = {
	};
	objectVersion = 56;
	objects = {

/* Begin PBXBuildFile section */
		D08344D32BA6C8D70073838B /* TodoListApp.swift in Sources */ = {isa = PBXBuildFile; fileRef = D08344D22BA6C8D70073838B /* TodoListApp.swift */; };
		D08344D52BA6C8D70073838B /* ContentView.swift in Sources */ = {isa = PBXBuildFile; fileRef = D08344D42BA6C8D70073838B /* ContentView.swift */; };
		D08344D72BA6C8D90073838B /* Assets.xcassets in Resources */ = {isa = PBXBuildFile; fileRef = D08344D62BA6C8D90073838B /* Assets.xcassets */; };
		D08344DA2BA6C8D90073838B /* Preview Assets.xcassets in Resources */ = {isa = PBXBuildFile; fileRef = D08344D92BA6C8D90073838B /* Preview Assets.xcassets */; };
		D08344FD2BA6C8FE0073838B /* TaskListView.swift in Sources */ = {isa = PBXBuildFile; fileRef = D08344FC2BA6C8FE0073838B /* TaskListView.swift */; };
		D08344FF2BA6CC0C0073838B /* Task.swift in Sources */ = {isa = PBXBuildFile; fileRef = D08344FE2BA6CC0C0073838B /* Task.swift */; };
		D08345012BA6CCF60073838B /* UserData.swift in Sources */ = {isa = PBXBuildFile; fileRef = D08345002BA6CCF60073838B /* UserData.swift */; };
		D08345032BA6CE450073838B /* UserDefaultValue.swift in Sources */ = {isa = PBXBuildFile; fileRef = D08345022BA6CE450073838B /* UserDefaultValue.swift */; };
		D08345052BA6D35C0073838B /* TaskItemView.swift in Sources */ = {isa = PBXBuildFile; fileRef = D08345042BA6D35C0073838B /* TaskItemView.swift */; };
		D08345072BA6D6BE0073838B /* TaskEditView.swift in Sources */ = {isa = PBXBuildFile; fileRef = D08345062BA6D6BE0073838B /* TaskEditView.swift */; };
/* End PBXBuildFile section */

/* Begin PBXContainerItemProxy section */
		D08344E02BA6C8D90073838B /* PBXContainerItemProxy */ = {
			isa = PBXContainerItemProxy;
			containerPortal = D08344C72BA6C8D70073838B /* Project object */;
			proxyType = 1;
			remoteGlobalIDString = D08344CE2BA6C8D70073838B;
			remoteInfo = TodoList;
		};
		D08344EA2BA6C8D90073838B /* PBXContainerItemProxy */ = {
			isa = PBXContainerItemProxy;
			containerPortal = D08344C72BA6C8D70073838B /* Project object */;
			proxyType = 1;
			remoteGlobalIDString = D08344CE2BA6C8D70073838B;
			remoteInfo = TodoList;
		};
/* End PBXContainerItemProxy section */

/* Begin PBXFileReference section */
		D08344CF2BA6C8D70073838B /* TodoList.app */ = {isa = PBXFileReference; explicitFileType = wrapper.application; includeInIndex = 0; path = TodoList.app; sourceTree = BUILT_PRODUCTS_DIR; };
		D08344D22BA6C8D70073838B /* TodoListApp.swift */ = {isa = PBXFileReference; lastKnownFileType = sourcecode.swift; path = TodoListApp.swift; sourceTree = "<group>"; };
		D08344D42BA6C8D70073838B /* ContentView.swift */ = {isa = PBXFileReference; lastKnownFileType = sourcecode.swift; path = ContentView.swift; sourceTree = "<group>"; };
		D08344D62BA6C8D90073838B /* Assets.xcassets */ = {isa = PBXFileReference; lastKnownFileType = folder.assetcatalog; path = Assets.xcassets; sourceTree = "<group>"; };
		D08344D92BA6C8D90073838B /* Preview Assets.xcassets */ = {isa = PBXFileReference; lastKnownFileType = folder.assetcatalog; path = "Preview Assets.xcassets"; sourceTree = "<group>"; };
		D08344DF2BA6C8D90073838B /* TodoListTests.xctest */ = {isa = PBXFileReference; explicitFileType = wrapper.cfbundle; includeInIndex = 0; path = TodoListTests.xctest; sourceTree = BUILT_PRODUCTS_DIR; };
		D08344E92BA6C8D90073838B /* TodoListUITests.xctest */ = {isa = PBXFileReference; explicitFileType = wrapper.cfbundle; includeInIndex = 0; path = TodoListUITests.xctest; sourceTree = BUILT_PRODUCTS_DIR; };
		D08344FC2BA6C8FE0073838B /* TaskListView.swift */ = {isa = PBXFileReference; lastKnownFileType = sourcecode.swift; path = TaskListView.swift; sourceTree = "<group>"; };
		D08344FE2BA6CC0C0073838B /* Task.swift */ = {isa = PBXFileReference; lastKnownFileType = sourcecode.swift; path = Task.swift; sourceTree = "<group>"; };
		D08345002BA6CCF60073838B /* UserData.swift */ = {isa = PBXFileReference; lastKnownFileType = sourcecode.swift; path = UserData.swift; sourceTree = "<group>"; };
		D08345022BA6CE450073838B /* UserDefaultValue.swift */ = {isa = PBXFileReference; lastKnownFileType = sourcecode.swift; path = UserDefaultValue.swift; sourceTree = "<group>"; };
		D08345042BA6D35C0073838B /* TaskItemView.swift */ = {isa = PBXFileReference; lastKnownFileType = sourcecode.swift; path = TaskItemView.swift; sourceTree = "<group>"; };
		D08345062BA6D6BE0073838B /* TaskEditView.swift */ = {isa = PBXFileReference; lastKnownFileType = sourcecode.swift; path = TaskEditView.swift; sourceTree = "<group>"; };
/* End PBXFileReference section */

/* Begin PBXFrameworksBuildPhase section */
		D08344CC2BA6C8D70073838B /* Frameworks */ = {
			isa = PBXFrameworksBuildPhase;
			buildActionMask = 2147483647;
			files = (
			);
			runOnlyForDeploymentPostprocessing = 0;
		};
		D08344DC2BA6C8D90073838B /* Frameworks */ = {
			isa = PBXFrameworksBuildPhase;
			buildActionMask = 2147483647;
			files = (
			);
			runOnlyForDeploymentPostprocessing = 0;
		};
		D08344E62BA6C8D90073838B /* Frameworks */ = {
			isa = PBXFrameworksBuildPhase;
			buildActionMask = 2147483647;
			files = (
			);
			runOnlyForDeploymentPostprocessing = 0;
		};
/* End PBXFrameworksBuildPhase section */

/* Begin PBXGroup section */
		D08344C62BA6C8D70073838B = {
			isa = PBXGroup;
			children = (
				D08344D12BA6C8D70073838B /* TodoList */,
				D08344D02BA6C8D70073838B /* Products */,
			);
			sourceTree = "<group>";
		};
		D08344D02BA6C8D70073838B /* Products */ = {
			isa = PBXGroup;
			children = (
				D08344CF2BA6C8D70073838B /* TodoList.app */,
				D08344DF2BA6C8D90073838B /* TodoListTests.xctest */,
				D08344E92BA6C8D90073838B /* TodoListUITests.xctest */,
			);
			name = Products;
			sourceTree = "<group>";
		};
		D08344D12BA6C8D70073838B /* TodoList */ = {
			isa = PBXGroup;
			children = (
				D08344D22BA6C8D70073838B /* TodoListApp.swift */,
				D08345002BA6CCF60073838B /* UserData.swift */,
				D08345022BA6CE450073838B /* UserDefaultValue.swift */,
				D08344FE2BA6CC0C0073838B /* Task.swift */,
				D08344FC2BA6C8FE0073838B /* TaskListView.swift */,
				D08345042BA6D35C0073838B /* TaskItemView.swift */,
				D08345062BA6D6BE0073838B /* TaskEditView.swift */,
				D08344D42BA6C8D70073838B /* ContentView.swift */,
				D08344D62BA6C8D90073838B /* Assets.xcassets */,
				D08344D82BA6C8D90073838B /* Preview Content */,
			);
			path = TodoList;
			sourceTree = "<group>";
		};
		D08344D82BA6C8D90073838B /* Preview Content */ = {
			isa = PBXGroup;
			children = (
				D08344D92BA6C8D90073838B /* Preview Assets.xcassets */,
			);
			path = "Preview Content";
			sourceTree = "<group>";
		};
/* End PBXGroup section */

/* Begin PBXNativeTarget section */
		D08344CE2BA6C8D70073838B /* TodoList */ = {
			isa = PBXNativeTarget;
			buildConfigurationList = D08344F32BA6C8D90073838B /* Build configuration list for PBXNativeTarget "TodoList" */;
			buildPhases = (
				D08344CB2BA6C8D70073838B /* Sources */,
				D08344CC2BA6C8D70073838B /* Frameworks */,
				D08344CD2BA6C8D70073838B /* Resources */,
			);
			buildRules = (
			);
			dependencies = (
			);
			name = TodoList;
			productName = TodoList;
			productReference = D08344CF2BA6C8D70073838B /* TodoList.app */;
			productType = "com.apple.product-type.application";
		};
		D08344DE2BA6C8D90073838B /* TodoListTests */ = {
			isa = PBXNativeTarget;
			buildConfigurationList = D08344F62BA6C8D90073838B /* Build configuration list for PBXNativeTarget "TodoListTests" */;
			buildPhases = (
				D08344DB2BA6C8D90073838B /* Sources */,
				D08344DC2BA6C8D90073838B /* Frameworks */,
				D08344DD2BA6C8D90073838B /* Resources */,
			);
			buildRules = (
			);
			dependencies = (
				D08344E12BA6C8D90073838B /* PBXTargetDependency */,
			);
			name = TodoListTests;
			productName = TodoListTests;
			productReference = D08344DF2BA6C8D90073838B /* TodoListTests.xctest */;
			productType = "com.apple.product-type.bundle.unit-test";
		};
		D08344E82BA6C8D90073838B /* TodoListUITests */ = {
			isa = PBXNativeTarget;
			buildConfigurationList = D08344F92BA6C8D90073838B /* Build configuration list for PBXNativeTarget "TodoListUITests" */;
			buildPhases = (
				D08344E52BA6C8D90073838B /* Sources */,
				D08344E62BA6C8D90073838B /* Frameworks */,
				D08344E72BA6C8D90073838B /* Resources */,
			);
			buildRules = (
			);
			dependencies = (
				D08344EB2BA6C8D90073838B /* PBXTargetDependency */,
			);
			name = TodoListUITests;
			productName = TodoListUITests;
			productReference = D08344E92BA6C8D90073838B /* TodoListUITests.xctest */;
			productType = "com.apple.product-type.bundle.ui-testing";
		};
/* End PBXNativeTarget section */

/* Begin PBXProject section */
		D08344C72BA6C8D70073838B /* Project object */ = {
			isa = PBXProject;
			attributes = {
				BuildIndependentTargetsInParallel = 1;
				LastSwiftUpdateCheck = 1430;
				LastUpgradeCheck = 1430;
				TargetAttributes = {
					D08344CE2BA6C8D70073838B = {
						CreatedOnToolsVersion = 14.3.1;
					};
					D08344DE2BA6C8D90073838B = {
						CreatedOnToolsVersion = 14.3.1;
						TestTargetID = D08344CE2BA6C8D70073838B;
					};
					D08344E82BA6C8D90073838B = {
						CreatedOnToolsVersion = 14.3.1;
						TestTargetID = D08344CE2BA6C8D70073838B;
					};
				};
			};
			buildConfigurationList = D08344CA2BA6C8D70073838B /* Build configuration list for PBXProject "TodoList" */;
			compatibilityVersion = "Xcode 14.0";
			developmentRegion = en;
			hasScannedForEncodings = 0;
			knownRegions = (
				en,
				Base,
			);
			mainGroup = D08344C62BA6C8D70073838B;
			productRefGroup = D08344D02BA6C8D70073838B /* Products */;
			projectDirPath = "";
			projectRoot = "";
			targets = (
				D08344CE2BA6C8D70073838B /* TodoList */,
				D08344DE2BA6C8D90073838B /* TodoListTests */,
				D08344E82BA6C8D90073838B /* TodoListUITests */,
			);
		};
/* End PBXProject section */

/* Begin PBXResourcesBuildPhase section */
		D08344CD2BA6C8D70073838B /* Resources */ = {
			isa = PBXResourcesBuildPhase;
			buildActionMask = 2147483647;
			files = (
				D08344DA2BA6C8D90073838B /* Preview Assets.xcassets in Resources */,
				D08344D72BA6C8D90073838B /* Assets.xcassets in Resources */,
			);
			runOnlyForDeploymentPostprocessing = 0;
		};
		D08344DD2BA6C8D90073838B /* Resources */ = {
			isa = PBXResourcesBuildPhase;
			buildActionMask = 2147483647;
			files = (
			);
			runOnlyForDeploymentPostprocessing = 0;
		};
		D08344E72BA6C8D90073838B /* Resources */ = {
			isa = PBXResourcesBuildPhase;
			buildActionMask = 2147483647;
			files = (
			);
			runOnlyForDeploymentPostprocessing = 0;
		};
/* End PBXResourcesBuildPhase section */

/* Begin PBXSourcesBuildPhase section */
		D08344CB2BA6C8D70073838B /* Sources */ = {
			isa = PBXSourcesBuildPhase;
			buildActionMask = 2147483647;
			files = (
				D08344D52BA6C8D70073838B /* ContentView.swift in Sources */,
				D08345072BA6D6BE0073838B /* TaskEditView.swift in Sources */,
				D08344D32BA6C8D70073838B /* TodoListApp.swift in Sources */,
				D08345032BA6CE450073838B /* UserDefaultValue.swift in Sources */,
				D08345052BA6D35C0073838B /* TaskItemView.swift in Sources */,
				D08344FF2BA6CC0C0073838B /* Task.swift in Sources */,
				D08345012BA6CCF60073838B /* UserData.swift in Sources */,
				D08344FD2BA6C8FE0073838B /* TaskListView.swift in Sources */,
			);
			runOnlyForDeploymentPostprocessing = 0;
		};
		D08344DB2BA6C8D90073838B /* Sources */ = {
			isa = PBXSourcesBuildPhase;
			buildActionMask = 2147483647;
			files = (
			);
			runOnlyForDeploymentPostprocessing = 0;
		};
		D08344E52BA6C8D90073838B /* Sources */ = {
			isa = PBXSourcesBuildPhase;
			buildActionMask = 2147483647;
			files = (
			);
			runOnlyForDeploymentPostprocessing = 0;
		};
/* End PBXSourcesBuildPhase section */

/* Begin PBXTargetDependency section */
		D08344E12BA6C8D90073838B /* PBXTargetDependency */ = {
			isa = PBXTargetDependency;
			target = D08344CE2BA6C8D70073838B /* TodoList */;
			targetProxy = D08344E02BA6C8D90073838B /* PBXContainerItemProxy */;
		};
		D08344EB2BA6C8D90073838B /* PBXTargetDependency */ = {
			isa = PBXTargetDependency;
			target = D08344CE2BA6C8D70073838B /* TodoList */;
			targetProxy = D08344EA2BA6C8D90073838B /* PBXContainerItemProxy */;
		};
/* End PBXTargetDependency section */

/* Begin XCBuildConfiguration section */
		D08344F12BA6C8D90073838B /* Debug */ = {
			isa = XCBuildConfiguration;
			buildSettings = {
				ALWAYS_SEARCH_USER_PATHS = NO;
				CLANG_ANALYZER_NONNULL = YES;
				CLANG_ANALYZER_NUMBER_OBJECT_CONVERSION = YES_AGGRESSIVE;
				CLANG_CXX_LANGUAGE_STANDARD = "gnu++20";
				CLANG_ENABLE_MODULES = YES;
				CLANG_ENABLE_OBJC_ARC = YES;
				CLANG_ENABLE_OBJC_WEAK = YES;
				CLANG_WARN_BLOCK_CAPTURE_AUTORELEASING = YES;
				CLANG_WARN_BOOL_CONVERSION = YES;
				CLANG_WARN_COMMA = YES;
				CLANG_WARN_CONSTANT_CONVERSION = YES;
				CLANG_WARN_DEPRECATED_OBJC_IMPLEMENTATIONS = YES;
				CLANG_WARN_DIRECT_OBJC_ISA_USAGE = YES_ERROR;
				CLANG_WARN_DOCUMENTATION_COMMENTS = YES;
				CLANG_WARN_EMPTY_BODY = YES;
				CLANG_WARN_ENUM_CONVERSION = YES;
				CLANG_WARN_INFINITE_RECURSION = YES;
				CLANG_WARN_INT_CONVERSION = YES;
				CLANG_WARN_NON_LITERAL_NULL_CONVERSION = YES;
				CLANG_WARN_OBJC_IMPLICIT_RETAIN_SELF = YES;
				CLANG_WARN_OBJC_LITERAL_CONVERSION = YES;
				CLANG_WARN_OBJC_ROOT_CLASS = YES_ERROR;
				CLANG_WARN_QUOTED_INCLUDE_IN_FRAMEWORK_HEADER = YES;
				CLANG_WARN_RANGE_LOOP_ANALYSIS = YES;
				CLANG_WARN_STRICT_PROTOTYPES = YES;
				CLANG_WARN_SUSPICIOUS_MOVE = YES;
				CLANG_WARN_UNGUARDED_AVAILABILITY = YES_AGGRESSIVE;
				CLANG_WARN_UNREACHABLE_CODE = YES;
				CLANG_WARN__DUPLICATE_METHOD_MATCH = YES;
				COPY_PHASE_STRIP = NO;
				DEBUG_INFORMATION_FORMAT = dwarf;
				ENABLE_STRICT_OBJC_MSGSEND = YES;
				ENABLE_TESTABILITY = YES;
				GCC_C_LANGUAGE_STANDARD = gnu11;
				GCC_DYNAMIC_NO_PIC = NO;
				GCC_NO_COMMON_BLOCKS = YES;
				GCC_OPTIMIZATION_LEVEL = 0;
				GCC_PREPROCESSOR_DEFINITIONS = (
					"DEBUG=1",
					"$(inherited)",
				);
				GCC_WARN_64_TO_32_BIT_CONVERSION = YES;
				GCC_WARN_ABOUT_RETURN_TYPE = YES_ERROR;
				GCC_WARN_UNDECLARED_SELECTOR = YES;
				GCC_WARN_UNINITIALIZED_AUTOS = YES_AGGRESSIVE;
				GCC_WARN_UNUSED_FUNCTION = YES;
				GCC_WARN_UNUSED_VARIABLE = YES;
				IPHONEOS_DEPLOYMENT_TARGET = 16.4;
				MTL_ENABLE_DEBUG_INFO = INCLUDE_SOURCE;
				MTL_FAST_MATH = YES;
				ONLY_ACTIVE_ARCH = YES;
				SDKROOT = iphoneos;
				SWIFT_ACTIVE_COMPILATION_CONDITIONS = DEBUG;
				SWIFT_OPTIMIZATION_LEVEL = "-Onone";
			};
			name = Debug;
		};
		D08344F22BA6C8D90073838B /* Release */ = {
			isa = XCBuildConfiguration;
			buildSettings = {
				ALWAYS_SEARCH_USER_PATHS = NO;
				CLANG_ANALYZER_NONNULL = YES;
				CLANG_ANALYZER_NUMBER_OBJECT_CONVERSION = YES_AGGRESSIVE;
				CLANG_CXX_LANGUAGE_STANDARD = "gnu++20";
				CLANG_ENABLE_MODULES = YES;
				CLANG_ENABLE_OBJC_ARC = YES;
				CLANG_ENABLE_OBJC_WEAK = YES;
				CLANG_WARN_BLOCK_CAPTURE_AUTORELEASING = YES;
				CLANG_WARN_BOOL_CONVERSION = YES;
				CLANG_WARN_COMMA = YES;
				CLANG_WARN_CONSTANT_CONVERSION = YES;
				CLANG_WARN_DEPRECATED_OBJC_IMPLEMENTATIONS = YES;
				CLANG_WARN_DIRECT_OBJC_ISA_USAGE = YES_ERROR;
				CLANG_WARN_DOCUMENTATION_COMMENTS = YES;
				CLANG_WARN_EMPTY_BODY = YES;
				CLANG_WARN_ENUM_CONVERSION = YES;
				CLANG_WARN_INFINITE_RECURSION = YES;
				CLANG_WARN_INT_CONVERSION = YES;
				CLANG_WARN_NON_LITERAL_NULL_CONVERSION = YES;
				CLANG_WARN_OBJC_IMPLICIT_RETAIN_SELF = YES;
				CLANG_WARN_OBJC_LITERAL_CONVERSION = YES;
				CLANG_WARN_OBJC_ROOT_CLASS = YES_ERROR;
				CLANG_WARN_QUOTED_INCLUDE_IN_FRAMEWORK_HEADER = YES;
				CLANG_WARN_RANGE_LOOP_ANALYSIS = YES;
				CLANG_WARN_STRICT_PROTOTYPES = YES;
				CLANG_WARN_SUSPICIOUS_MOVE = YES;
				CLANG_WARN_UNGUARDED_AVAILABILITY = YES_AGGRESSIVE;
				CLANG_WARN_UNREACHABLE_CODE = YES;
				CLANG_WARN__DUPLICATE_METHOD_MATCH = YES;
				COPY_PHASE_STRIP = NO;
				DEBUG_INFORMATION_FORMAT = "dwarf-with-dsym";
				ENABLE_NS_ASSERTIONS = NO;
				ENABLE_STRICT_OBJC_MSGSEND = YES;
				GCC_C_LANGUAGE_STANDARD = gnu11;
				GCC_NO_COMMON_BLOCKS = YES;
				GCC_WARN_64_TO_32_BIT_CONVERSION = YES;
				GCC_WARN_ABOUT_RETURN_TYPE = YES_ERROR;
				GCC_WARN_UNDECLARED_SELECTOR = YES;
				GCC_WARN_UNINITIALIZED_AUTOS = YES_AGGRESSIVE;
				GCC_WARN_UNUSED_FUNCTION = YES;
				GCC_WARN_UNUSED_VARIABLE = YES;
				IPHONEOS_DEPLOYMENT_TARGET = 16.4;
				MTL_ENABLE_DEBUG_INFO = NO;
				MTL_FAST_MATH = YES;
				SDKROOT = iphoneos;
				SWIFT_COMPILATION_MODE = wholemodule;
				SWIFT_OPTIMIZATION_LEVEL = "-O";
				VALIDATE_PRODUCT = YES;
			};
			name = Release;
		};
		D08344F42BA6C8D90073838B /* Debug */ = {
			isa = XCBuildConfiguration;
			buildSettings = {
				ASSETCATALOG_COMPILER_APPICON_NAME = AppIcon;
				ASSETCATALOG_COMPILER_GLOBAL_ACCENT_COLOR_NAME = AccentColor;
				CODE_SIGN_STYLE = Automatic;
				CURRENT_PROJECT_VERSION = 1;
				DEVELOPMENT_ASSET_PATHS = "\"TodoList/Preview Content\"";
				ENABLE_PREVIEWS = YES;
				GENERATE_INFOPLIST_FILE = YES;
				INFOPLIST_KEY_UIApplicationSceneManifest_Generation = YES;
				INFOPLIST_KEY_UIApplicationSupportsIndirectInputEvents = YES;
				INFOPLIST_KEY_UILaunchScreen_Generation = YES;
				INFOPLIST_KEY_UISupportedInterfaceOrientations_iPad = "UIInterfaceOrientationPortrait UIInterfaceOrientationPortraitUpsideDown UIInterfaceOrientationLandscapeLeft UIInterfaceOrientationLandscapeRight";
				INFOPLIST_KEY_UISupportedInterfaceOrientations_iPhone = "UIInterfaceOrientationPortrait UIInterfaceOrientationLandscapeLeft UIInterfaceOrientationLandscapeRight";
				LD_RUNPATH_SEARCH_PATHS = (
					"$(inherited)",
					"@executable_path/Frameworks",
				);
				MARKETING_VERSION = 1.0;
				PRODUCT_BUNDLE_IDENTIFIER = MrGong.TodoList;
				PRODUCT_NAME = "$(TARGET_NAME)";
				SWIFT_EMIT_LOC_STRINGS = YES;
				SWIFT_VERSION = 5.0;
				TARGETED_DEVICE_FAMILY = "1,2";
			};
			name = Debug;
		};
		D08344F52BA6C8D90073838B /* Release */ = {
			isa = XCBuildConfiguration;
			buildSettings = {
				ASSETCATALOG_COMPILER_APPICON_NAME = AppIcon;
				ASSETCATALOG_COMPILER_GLOBAL_ACCENT_COLOR_NAME = AccentColor;
				CODE_SIGN_STYLE = Automatic;
				CURRENT_PROJECT_VERSION = 1;
				DEVELOPMENT_ASSET_PATHS = "\"TodoList/Preview Content\"";
				ENABLE_PREVIEWS = YES;
				GENERATE_INFOPLIST_FILE = YES;
				INFOPLIST_KEY_UIApplicationSceneManifest_Generation = YES;
				INFOPLIST_KEY_UIApplicationSupportsIndirectInputEvents = YES;
				INFOPLIST_KEY_UILaunchScreen_Generation = YES;
				INFOPLIST_KEY_UISupportedInterfaceOrientations_iPad = "UIInterfaceOrientationPortrait UIInterfaceOrientationPortraitUpsideDown UIInterfaceOrientationLandscapeLeft UIInterfaceOrientationLandscapeRight";
				INFOPLIST_KEY_UISupportedInterfaceOrientations_iPhone = "UIInterfaceOrientationPortrait UIInterfaceOrientationLandscapeLeft UIInterfaceOrientationLandscapeRight";
				LD_RUNPATH_SEARCH_PATHS = (
					"$(inherited)",
					"@executable_path/Frameworks",
				);
				MARKETING_VERSION = 1.0;
				PRODUCT_BUNDLE_IDENTIFIER = MrGong.TodoList;
				PRODUCT_NAME = "$(TARGET_NAME)";
				SWIFT_EMIT_LOC_STRINGS = YES;
				SWIFT_VERSION = 5.0;
				TARGETED_DEVICE_FAMILY = "1,2";
			};
			name = Release;
		};
		D08344F72BA6C8D90073838B /* Debug */ = {
			isa = XCBuildConfiguration;
			buildSettings = {
				ALWAYS_EMBED_SWIFT_STANDARD_LIBRARIES = YES;
				BUNDLE_LOADER = "$(TEST_HOST)";
				CODE_SIGN_STYLE = Automatic;
				CURRENT_PROJECT_VERSION = 1;
				GENERATE_INFOPLIST_FILE = YES;
				IPHONEOS_DEPLOYMENT_TARGET = 16.4;
				MARKETING_VERSION = 1.0;
				PRODUCT_BUNDLE_IDENTIFIER = MrGong.TodoListTests;
				PRODUCT_NAME = "$(TARGET_NAME)";
				SWIFT_EMIT_LOC_STRINGS = NO;
				SWIFT_VERSION = 5.0;
				TARGETED_DEVICE_FAMILY = "1,2";
				TEST_HOST = "$(BUILT_PRODUCTS_DIR)/TodoList.app/$(BUNDLE_EXECUTABLE_FOLDER_PATH)/TodoList";
			};
			name = Debug;
		};
		D08344F82BA6C8D90073838B /* Release */ = {
			isa = XCBuildConfiguration;
			buildSettings = {
				ALWAYS_EMBED_SWIFT_STANDARD_LIBRARIES = YES;
				BUNDLE_LOADER = "$(TEST_HOST)";
				CODE_SIGN_STYLE = Automatic;
				CURRENT_PROJECT_VERSION = 1;
				GENERATE_INFOPLIST_FILE = YES;
				IPHONEOS_DEPLOYMENT_TARGET = 16.4;
				MARKETING_VERSION = 1.0;
				PRODUCT_BUNDLE_IDENTIFIER = MrGong.TodoListTests;
				PRODUCT_NAME = "$(TARGET_NAME)";
				SWIFT_EMIT_LOC_STRINGS = NO;
				SWIFT_VERSION = 5.0;
				TARGETED_DEVICE_FAMILY = "1,2";
				TEST_HOST = "$(BUILT_PRODUCTS_DIR)/TodoList.app/$(BUNDLE_EXECUTABLE_FOLDER_PATH)/TodoList";
			};
			name = Release;
		};
		D08344FA2BA6C8D90073838B /* Debug */ = {
			isa = XCBuildConfiguration;
			buildSettings = {
				ALWAYS_EMBED_SWIFT_STANDARD_LIBRARIES = YES;
				CODE_SIGN_STYLE = Automatic;
				CURRENT_PROJECT_VERSION = 1;
				GENERATE_INFOPLIST_FILE = YES;
				MARKETING_VERSION = 1.0;
				PRODUCT_BUNDLE_IDENTIFIER = MrGong.TodoListUITests;
				PRODUCT_NAME = "$(TARGET_NAME)";
				SWIFT_EMIT_LOC_STRINGS = NO;
				SWIFT_VERSION = 5.0;
				TARGETED_DEVICE_FAMILY = "1,2";
				TEST_TARGET_NAME = TodoList;
			};
			name = Debug;
		};
		D08344FB2BA6C8D90073838B /* Release */ = {
			isa = XCBuildConfiguration;
			buildSettings = {
				ALWAYS_EMBED_SWIFT_STANDARD_LIBRARIES = YES;
				CODE_SIGN_STYLE = Automatic;
				CURRENT_PROJECT_VERSION = 1;
				GENERATE_INFOPLIST_FILE = YES;
				MARKETING_VERSION = 1.0;
				PRODUCT_BUNDLE_IDENTIFIER = MrGong.TodoListUITests;
				PRODUCT_NAME = "$(TARGET_NAME)";
				SWIFT_EMIT_LOC_STRINGS = NO;
				SWIFT_VERSION = 5.0;
				TARGETED_DEVICE_FAMILY = "1,2";
				TEST_TARGET_NAME = TodoList;
			};
			name = Release;
		};
/* End XCBuildConfiguration section */

/* Begin XCConfigurationList section */
		D08344CA2BA6C8D70073838B /* Build configuration list for PBXProject "TodoList" */ = {
			isa = XCConfigurationList;
			buildConfigurations = (
				D08344F12BA6C8D90073838B /* Debug */,
				D08344F22BA6C8D90073838B /* Release */,
			);
			defaultConfigurationIsVisible = 0;
			defaultConfigurationName = Release;
		};
		D08344F32BA6C8D90073838B /* Build configuration list for PBXNativeTarget "TodoList" */ = {
			isa = XCConfigurationList;
			buildConfigurations = (
				D08344F42BA6C8D90073838B /* Debug */,
				D08344F52BA6C8D90073838B /* Release */,
			);
			defaultConfigurationIsVisible = 0;
			defaultConfigurationName = Release;
		};
		D08344F62BA6C8D90073838B /* Build configuration list for PBXNativeTarget "TodoListTests" */ = {
			isa = XCConfigurationList;
			buildConfigurations = (
				D08344F72BA6C8D90073838B /* Debug */,
				D08344F82BA6C8D90073838B /* Release */,
			);
			defaultConfigurationIsVisible = 0;
			defaultConfigurationName = Release;
		};
		D08344F92BA6C8D90073838B /* Build configuration list for PBXNativeTarget "TodoListUITests" */ = {
			isa = XCConfigurationList;
			buildConfigurations = (
				D08344FA2BA6C8D90073838B /* Debug */,
				D08344FB2BA6C8D90073838B /* Release */,
			);
			defaultConfigurationIsVisible = 0;
			defaultConfigurationName = Release;
		};
/* End XCConfigurationList section */
	};
	rootObject = D08344C72BA6C8D70073838B /* Project object */;
}
